
Microsoft Visual Studio Solution File, Format Version 12.00
# Visual Studio Version 17
VisualStudioVersion = 17.9.34511.98
MinimumVisualStudioVersion = 10.0.40219.1
Project("{FAE04EC0-301F-11D3-BF4B-00C04F79EFBC}") = "BugTracker", "BugTracker\BugTracker.csproj", "{06E505C0-5C91-4488-9907-80684398C3C5}"
EndProject
Global
	GlobalSection(SolutionConfigurationPlatforms) = preSolution
		Debug|Any CPU = Debug|Any CPU
		Release|Any CPU = Release|Any CPU
	EndGlobalSection
	GlobalSection(ProjectConfigurationPlatforms) = postSolution
		{06E505C0-5C91-4488-9907-80684398C3C5}.Debug|Any CPU.ActiveCfg = Debug|Any CPU
		{06E505C0-5C91-4488-9907-80684398C3C5}.Debug|Any CPU.Build.0 = Debug|Any CPU
		{06E505C0-5C91-4488-9907-80684398C3C5}.Release|Any CPU.ActiveCfg = Release|Any CPU
		{06E505C0-5C91-4488-9907-80684398C3C5}.Release|Any CPU.Build.0 = Release|Any CPU
	EndGlobalSection
	GlobalSection(SolutionProperties) = preSolution
		HideSolutionNode = FALSE
	EndGlobalSection
	GlobalSection(ExtensibilityGlobals) = postSolution
		SolutionGuid = {31EF7ED7-50DF-4A66-B737-C36EBCC7F9EE}
	EndGlobalSection
EndGlobal
